
Microsoft Visual Studio Solution File, Format Version 12.00
# Visual Studio Version 17
VisualStudioVersion = 17.7.34009.444
MinimumVisualStudioVersion = 10.0.40219.1
Project("{FAE04EC0-301F-11D3-BF4B-00C04F79EFBC}") = "GeneratorApp", "GeneratorApp\GeneratorApp.csproj", "{EAFEF0CA-3CE3-4BF7-BC14-84AF9CCB47BE}"
	ProjectSection(ProjectDependencies) = postProject
		{23ED1FDE-F4A2-4223-84DC-B0A5A66C50AF} = {23ED1FDE-F4A2-4223-84DC-B0A5A66C50AF}
	EndProjectSection
EndProject
Project("{FAE04EC0-301F-11D3-BF4B-00C04F79EFBC}") = "Application", "Services\Application.csproj", "{23ED1FDE-F4A2-4223-84DC-B0A5A66C50AF}"
EndProject
Project("{FAE04EC0-301F-11D3-BF4B-00C04F79EFBC}") = "Domain", "Domain\Domain.csproj", "{1C5964D8-23B5-4584-BA5E-3B4BD1A4410E}"
EndProject
Global
	GlobalSection(SolutionConfigurationPlatforms) = preSolution
		Debug|Any CPU = Debug|Any CPU
		Release|Any CPU = Release|Any CPU
	EndGlobalSection
	GlobalSection(ProjectConfigurationPlatforms) = postSolution
		{EAFEF0CA-3CE3-4BF7-BC14-84AF9CCB47BE}.Debug|Any CPU.ActiveCfg = Debug|Any CPU
		{EAFEF0CA-3CE3-4BF7-BC14-84AF9CCB47BE}.Debug|Any CPU.Build.0 = Debug|Any CPU
		{EAFEF0CA-3CE3-4BF7-BC14-84AF9CCB47BE}.Release|Any CPU.ActiveCfg = Release|Any CPU
		{EAFEF0CA-3CE3-4BF7-BC14-84AF9CCB47BE}.Release|Any CPU.Build.0 = Release|Any CPU
		{23ED1FDE-F4A2-4223-84DC-B0A5A66C50AF}.Debug|Any CPU.ActiveCfg = Debug|Any CPU
		{23ED1FDE-F4A2-4223-84DC-B0A5A66C50AF}.Debug|Any CPU.Build.0 = Debug|Any CPU
		{23ED1FDE-F4A2-4223-84DC-B0A5A66C50AF}.Release|Any CPU.ActiveCfg = Release|Any CPU
		{23ED1FDE-F4A2-4223-84DC-B0A5A66C50AF}.Release|Any CPU.Build.0 = Release|Any CPU
		{1C5964D8-23B5-4584-BA5E-3B4BD1A4410E}.Debug|Any CPU.ActiveCfg = Debug|Any CPU
		{1C5964D8-23B5-4584-BA5E-3B4BD1A4410E}.Debug|Any CPU.Build.0 = Debug|Any CPU
		{1C5964D8-23B5-4584-BA5E-3B4BD1A4410E}.Release|Any CPU.ActiveCfg = Release|Any CPU
		{1C5964D8-23B5-4584-BA5E-3B4BD1A4410E}.Release|Any CPU.Build.0 = Release|Any CPU
	EndGlobalSection
	GlobalSection(SolutionProperties) = preSolution
		HideSolutionNode = FALSE
	EndGlobalSection
	GlobalSection(ExtensibilityGlobals) = postSolution
		SolutionGuid = {C5CCF118-D1F2-4447-8DC4-A1A60708AC8D}
	EndGlobalSection
EndGlobal
